
Microsoft Visual Studio Solution File, Format Version 12.00
# Visual Studio Version 16
VisualStudioVersion = 16.0.29806.167
MinimumVisualStudioVersion = 10.0.40219.1
Project("{9A19103F-16F7-4668-BE54-9A1E7A4F7556}") = "Menees.Common", "src\Menees.Common\Menees.Common.csproj", "{D71969CE-87D4-44E8-B290-F37F2DEC0911}"
EndProject
Project("{9A19103F-16F7-4668-BE54-9A1E7A4F7556}") = "Menees.Windows", "src\Menees.Windows\Menees.Windows.csproj", "{0A656FBE-31F0-45F7-A0B6-51584FB66506}"
EndProject
Project("{9A19103F-16F7-4668-BE54-9A1E7A4F7556}") = "Menees.Diffs", "src\Menees.Diffs\Menees.Diffs.csproj", "{F0B60CBC-5F0B-40F1-8454-168959F5F7CC}"
EndProject
Project("{9A19103F-16F7-4668-BE54-9A1E7A4F7556}") = "Menees.Windows.Forms", "src\Menees.Windows.Forms\Menees.Windows.Forms.csproj", "{DF857CDB-5C48-4412-90F8-F4BE9E947798}"
EndProject
Project("{9A19103F-16F7-4668-BE54-9A1E7A4F7556}") = "Menees.Windows.Presentation", "src\Menees.Windows.Presentation\Menees.Windows.Presentation.csproj", "{5CFC4795-CF8D-4422-B5CE-1CA337AB8F43}"
EndProject
Project("{9A19103F-16F7-4668-BE54-9A1E7A4F7556}") = "Menees.Common.Tests", "tests\Menees.Common.Tests\Menees.Common.Tests.csproj", "{F3005484-B2ED-4765-935A-A48C0E99A1F4}"
EndProject
Project("{2150E333-8FDC-42A3-9474-1A3956D46DE8}") = "Solution Items", "Solution Items", "{008E4191-0453-4A3F-881F-1D8D5F54516B}"
	ProjectSection(SolutionItems) = preProject
		.editorconfig = .editorconfig
		.gitattributes = .gitattributes
		.gitignore = .gitignore
		src\Directory.Build.props = src\Directory.Build.props
		LICENSE = LICENSE
		src\Menees.Libraries.ruleset = src\Menees.Libraries.ruleset
		NuGet.Config = NuGet.Config
		README.md = README.md
	EndProjectSection
EndProject
Project("{9A19103F-16F7-4668-BE54-9A1E7A4F7556}") = "Menees.Windows.Tests", "tests\Menees.Windows.Tests\Menees.Windows.Tests.csproj", "{1CBF5E70-9BF4-4A41-8852-94831454817B}"
EndProject
Global
	GlobalSection(SolutionConfigurationPlatforms) = preSolution
		Debug|Any CPU = Debug|Any CPU
		Release|Any CPU = Release|Any CPU
	EndGlobalSection
	GlobalSection(ProjectConfigurationPlatforms) = postSolution
		{D71969CE-87D4-44E8-B290-F37F2DEC0911}.Debug|Any CPU.ActiveCfg = Debug|Any CPU
		{D71969CE-87D4-44E8-B290-F37F2DEC0911}.Debug|Any CPU.Build.0 = Debug|Any CPU
		{D71969CE-87D4-44E8-B290-F37F2DEC0911}.Release|Any CPU.ActiveCfg = Release|Any CPU
		{D71969CE-87D4-44E8-B290-F37F2DEC0911}.Release|Any CPU.Build.0 = Release|Any CPU
		{0A656FBE-31F0-45F7-A0B6-51584FB66506}.Debug|Any CPU.ActiveCfg = Debug|Any CPU
		{0A656FBE-31F0-45F7-A0B6-51584FB66506}.Debug|Any CPU.Build.0 = Debug|Any CPU
		{0A656FBE-31F0-45F7-A0B6-51584FB66506}.Release|Any CPU.ActiveCfg = Release|Any CPU
		{0A656FBE-31F0-45F7-A0B6-51584FB66506}.Release|Any CPU.Build.0 = Release|Any CPU
		{F0B60CBC-5F0B-40F1-8454-168959F5F7CC}.Debug|Any CPU.ActiveCfg = Debug|Any CPU
		{F0B60CBC-5F0B-40F1-8454-168959F5F7CC}.Debug|Any CPU.Build.0 = Debug|Any CPU
		{F0B60CBC-5F0B-40F1-8454-168959F5F7CC}.Release|Any CPU.ActiveCfg = Release|Any CPU
		{F0B60CBC-5F0B-40F1-8454-168959F5F7CC}.Release|Any CPU.Build.0 = Release|Any CPU
		{DF857CDB-5C48-4412-90F8-F4BE9E947798}.Debug|Any CPU.ActiveCfg = Debug|Any CPU
		{DF857CDB-5C48-4412-90F8-F4BE9E947798}.Debug|Any CPU.Build.0 = Debug|Any CPU
		{DF857CDB-5C48-4412-90F8-F4BE9E947798}.Release|Any CPU.ActiveCfg = Release|Any CPU
		{DF857CDB-5C48-4412-90F8-F4BE9E947798}.Release|Any CPU.Build.0 = Release|Any CPU
		{5CFC4795-CF8D-4422-B5CE-1CA337AB8F43}.Debug|Any CPU.ActiveCfg = Debug|Any CPU
		{5CFC4795-CF8D-4422-B5CE-1CA337AB8F43}.Debug|Any CPU.Build.0 = Debug|Any CPU
		{5CFC4795-CF8D-4422-B5CE-1CA337AB8F43}.Release|Any CPU.ActiveCfg = Release|Any CPU
		{5CFC4795-CF8D-4422-B5CE-1CA337AB8F43}.Release|Any CPU.Build.0 = Release|Any CPU
		{F3005484-B2ED-4765-935A-A48C0E99A1F4}.Debug|Any CPU.ActiveCfg = Debug|Any CPU
		{F3005484-B2ED-4765-935A-A48C0E99A1F4}.Debug|Any CPU.Build.0 = Debug|Any CPU
		{F3005484-B2ED-4765-935A-A48C0E99A1F4}.Release|Any CPU.ActiveCfg = Release|Any CPU
		{F3005484-B2ED-4765-935A-A48C0E99A1F4}.Release|Any CPU.Build.0 = Release|Any CPU
		{1CBF5E70-9BF4-4A41-8852-94831454817B}.Debug|Any CPU.ActiveCfg = Debug|Any CPU
		{1CBF5E70-9BF4-4A41-8852-94831454817B}.Debug|Any CPU.Build.0 = Debug|Any CPU
		{1CBF5E70-9BF4-4A41-8852-94831454817B}.Release|Any CPU.ActiveCfg = Release|Any CPU
		{1CBF5E70-9BF4-4A41-8852-94831454817B}.Release|Any CPU.Build.0 = Release|Any CPU
	EndGlobalSection
	GlobalSection(SolutionProperties) = preSolution
		HideSolutionNode = FALSE
	EndGlobalSection
	GlobalSection(ExtensibilityGlobals) = postSolution
		SolutionGuid = {988437F2-A3AE-4772-A115-C381DC5FCA26}
	EndGlobalSection
EndGlobal
